
Microsoft Visual Studio Solution File, Format Version 12.00
# Visual Studio 2012
Project("{FAE04EC0-301F-11D3-BF4B-00C04F79EFBC}") = "Guild Wars Multilauncher", "Guild Wars Multilauncher.csproj", "{B14B8185-452E-4F01-BA07-81C9A5A04127}"
EndProject
Global
	GlobalSection(SolutionConfigurationPlatforms) = preSolution
		Debug|Any CPU = Debug|Any CPU
		Release|Any CPU = Release|Any CPU
	EndGlobalSection
	GlobalSection(ProjectConfigurationPlatforms) = postSolution
		{B14B8185-452E-4F01-BA07-81C9A5A04127}.Debug|Any CPU.ActiveCfg = Debug|Any CPU
		{B14B8185-452E-4F01-BA07-81C9A5A04127}.Debug|Any CPU.Build.0 = Debug|Any CPU
		{B14B8185-452E-4F01-BA07-81C9A5A04127}.Release|Any CPU.ActiveCfg = Release|Any CPU
		{B14B8185-452E-4F01-BA07-81C9A5A04127}.Release|Any CPU.Build.0 = Release|Any CPU
	EndGlobalSection
	GlobalSection(SolutionProperties) = preSolution
		HideSolutionNode = FALSE
	EndGlobalSection
EndGlobal
